
Microsoft Visual Studio Solution File, Format Version 12.00
# Visual Studio 2015
Project("{FAE04EC0-301F-11D3-BF4B-00C04F79EFBC}") = "My_Game_1.CSharp", "My_Game_1.CSharp.csproj", "{B6FD9F9A-387B-655F-EEB1-2C5AF05D194F}"
EndProject
Global
	GlobalSection(SolutionConfigurationPlatforms) = preSolution
		Debug|Any CPU = Debug|Any CPU
		Release|Any CPU = Release|Any CPU
	EndGlobalSection
	GlobalSection(ProjectConfigurationPlatforms) = postSolution
		{B6FD9F9A-387B-655F-EEB1-2C5AF05D194F}.Debug|Any CPU.ActiveCfg = Debug|Any CPU
		{B6FD9F9A-387B-655F-EEB1-2C5AF05D194F}.Debug|Any CPU.Build.0 = Debug|Any CPU
		{B6FD9F9A-387B-655F-EEB1-2C5AF05D194F}.Release|Any CPU.ActiveCfg = Release|Any CPU
		{B6FD9F9A-387B-655F-EEB1-2C5AF05D194F}.Release|Any CPU.Build.0 = Release|Any CPU
	EndGlobalSection
	GlobalSection(SolutionProperties) = preSolution
		HideSolutionNode = FALSE
	EndGlobalSection
EndGlobal
